// !$*UTF8*$!
{
	archiveVersion = 1;
	classes = {
	};
	objectVersion = 56;
	objects = {

/* Begin PBXBuildFile section */
		D0685CCC29BD0527001F0BA2 /* ParallaxApp.swift in Sources */ = {isa = PBXBuildFile; fileRef = D0685CCB29BD0527001F0BA2 /* ParallaxApp.swift */; };
		D0685CCE29BD0528001F0BA2 /* ContentView.swift in Sources */ = {isa = PBXBuildFile; fileRef = D0685CCD29BD0528001F0BA2 /* ContentView.swift */; };
		D0685CD029BD0529001F0BA2 /* Assets.xcassets in Resources */ = {isa = PBXBuildFile; fileRef = D0685CCF29BD0529001F0BA2 /* Assets.xcassets */; };
		D0685CD329BD0529001F0BA2 /* Preview Assets.xcassets in Resources */ = {isa = PBXBuildFile; fileRef = D0685CD229BD0529001F0BA2 /* Preview Assets.xcassets */; };
		D0685CDA29BD054E001F0BA2 /* Place.swift in Sources */ = {isa = PBXBuildFile; fileRef = D0685CD929BD054E001F0BA2 /* Place.swift */; };
		D0685CDC29BD0558001F0BA2 /* MotionManager.swift in Sources */ = {isa = PBXBuildFile; fileRef = D0685CDB29BD0558001F0BA2 /* MotionManager.swift */; };
		D0685CDE29BD0562001F0BA2 /* Home.swift in Sources */ = {isa = PBXBuildFile; fileRef = D0685CDD29BD0562001F0BA2 /* Home.swift */; };
/* End PBXBuildFile section */

/* Begin PBXFileReference section */
		D0685CC829BD0527001F0BA2 /* Parallax.app */ = {isa = PBXFileReference; explicitFileType = wrapper.application; includeInIndex = 0; path = Parallax.app; sourceTree = BUILT_PRODUCTS_DIR; };
		D0685CCB29BD0527001F0BA2 /* ParallaxApp.swift */ = {isa = PBXFileReference; lastKnownFileType = sourcecode.swift; path = ParallaxApp.swift; sourceTree = "<group>"; };
		D0685CCD29BD0528001F0BA2 /* ContentView.swift */ = {isa = PBXFileReference; lastKnownFileType = sourcecode.swift; path = ContentView.swift; sourceTree = "<group>"; };
		D0685CCF29BD0529001F0BA2 /* Assets.xcassets */ = {isa = PBXFileReference; lastKnownFileType = folder.assetcatalog; path = Assets.xcassets; sourceTree = "<group>"; };
		D0685CD229BD0529001F0BA2 /* Preview Assets.xcassets */ = {isa = PBXFileReference; lastKnownFileType = folder.assetcatalog; path = "Preview Assets.xcassets"; sourceTree = "<group>"; };
		D0685CD929BD054E001F0BA2 /* Place.swift */ = {isa = PBXFileReference; lastKnownFileType = sourcecode.swift; path = Place.swift; sourceTree = "<group>"; };
		D0685CDB29BD0558001F0BA2 /* MotionManager.swift */ = {isa = PBXFileReference; lastKnownFileType = sourcecode.swift; path = MotionManager.swift; sourceTree = "<group>"; };
		D0685CDD29BD0562001F0BA2 /* Home.swift */ = {isa = PBXFileReference; lastKnownFileType = sourcecode.swift; path = Home.swift; sourceTree = "<group>"; };
		D0685CE229BD0AC0001F0BA2 /* Parallax.entitlements */ = {isa = PBXFileReference; fileEncoding = 4; lastKnownFileType = text.plist.entitlements; path = Parallax.entitlements; sourceTree = "<group>"; };
/* End PBXFileReference section */

/* Begin PBXFrameworksBuildPhase section */
		D0685CC529BD0527001F0BA2 /* Frameworks */ = {
			isa = PBXFrameworksBuildPhase;
			buildActionMask = 2147483647;
			files = (
			);
			runOnlyForDeploymentPostprocessing = 0;
		};
/* End PBXFrameworksBuildPhase section */

/* Begin PBXGroup section */
		D0685CBF29BD0527001F0BA2 = {
			isa = PBXGroup;
			children = (
				D0685CCA29BD0527001F0BA2 /* Parallax */,
				D0685CC929BD0527001F0BA2 /* Products */,
			);
			sourceTree = "<group>";
		};
		D0685CC929BD0527001F0BA2 /* Products */ = {
			isa = PBXGroup;
			children = (
				D0685CC829BD0527001F0BA2 /* Parallax.app */,
			);
			name = Products;
			sourceTree = "<group>";
		};
		D0685CCA29BD0527001F0BA2 /* Parallax */ = {
			isa = PBXGroup;
			children = (
				D0685CCB29BD0527001F0BA2 /* ParallaxApp.swift */,
				D0685CCD29BD0528001F0BA2 /* ContentView.swift */,
				D0685CDF29BD056C001F0BA2 /* Model */,
				D0685CE029BD0572001F0BA2 /* ViewModel */,
				D0685CE129BD057C001F0BA2 /* View */,
				D0685CCF29BD0529001F0BA2 /* Assets.xcassets */,
				D0685CE229BD0AC0001F0BA2 /* Parallax.entitlements */,
				D0685CD129BD0529001F0BA2 /* Preview Content */,
			);
			path = Parallax;
			sourceTree = "<group>";
		};
		D0685CD129BD0529001F0BA2 /* Preview Content */ = {
			isa = PBXGroup;
			children = (
				D0685CD229BD0529001F0BA2 /* Preview Assets.xcassets */,
			);
			path = "Preview Content";
			sourceTree = "<group>";
		};
		D0685CDF29BD056C001F0BA2 /* Model */ = {
			isa = PBXGroup;
			children = (
				D0685CD929BD054E001F0BA2 /* Place.swift */,
			);
			path = Model;
			sourceTree = "<group>";
		};
		D0685CE029BD0572001F0BA2 /* ViewModel */ = {
			isa = PBXGroup;
			children = (
				D0685CDB29BD0558001F0BA2 /* MotionManager.swift */,
			);
			path = ViewModel;
			sourceTree = "<group>";
		};
		D0685CE129BD057C001F0BA2 /* View */ = {
			isa = PBXGroup;
			children = (
				D0685CDD29BD0562001F0BA2 /* Home.swift */,
			);
			path = View;
			sourceTree = "<group>";
		};
/* End PBXGroup section */

/* Begin PBXNativeTarget section */
		D0685CC729BD0527001F0BA2 /* Parallax */ = {
			isa = PBXNativeTarget;
			buildConfigurationList = D0685CD629BD0529001F0BA2 /* Build configuration list for PBXNativeTarget "Parallax" */;
			buildPhases = (
				D0685CC429BD0527001F0BA2 /* Sources */,
				D0685CC529BD0527001F0BA2 /* Frameworks */,
				D0685CC629BD0527001F0BA2 /* Resources */,
			);
			buildRules = (
			);
			dependencies = (
			);
			name = Parallax;
			productName = Parallax;
			productReference = D0685CC829BD0527001F0BA2 /* Parallax.app */;
			productType = "com.apple.product-type.application";
		};
/* End PBXNativeTarget section */

/* Begin PBXProject section */
		D0685CC029BD0527001F0BA2 /* Project object */ = {
			isa = PBXProject;
			attributes = {
				BuildIndependentTargetsInParallel = 1;
				LastSwiftUpdateCheck = 1420;
				LastUpgradeCheck = 1420;
				TargetAttributes = {
					D0685CC729BD0527001F0BA2 = {
						CreatedOnToolsVersion = 14.2;
					};
				};
			};
			buildConfigurationList = D0685CC329BD0527001F0BA2 /* Build configuration list for PBXProject "Parallax" */;
			compatibilityVersion = "Xcode 14.0";
			developmentRegion = en;
			hasScannedForEncodings = 0;
			knownRegions = (
				en,
				Base,
			);
			mainGroup = D0685CBF29BD0527001F0BA2;
			productRefGroup = D0685CC929BD0527001F0BA2 /* Products */;
			projectDirPath = "";
			projectRoot = "";
			targets = (
				D0685CC729BD0527001F0BA2 /* Parallax */,
			);
		};
/* End PBXProject section */

/* Begin PBXResourcesBuildPhase section */
		D0685CC629BD0527001F0BA2 /* Resources */ = {
			isa = PBXResourcesBuildPhase;
			buildActionMask = 2147483647;
			files = (
				D0685CD329BD0529001F0BA2 /* Preview Assets.xcassets in Resources */,
				D0685CD029BD0529001F0BA2 /* Assets.xcassets in Resources */,
			);
			runOnlyForDeploymentPostprocessing = 0;
		};
/* End PBXResourcesBuildPhase section */

/* Begin PBXSourcesBuildPhase section */
		D0685CC429BD0527001F0BA2 /* Sources */ = {
			isa = PBXSourcesBuildPhase;
			buildActionMask = 2147483647;
			files = (
				D0685CDA29BD054E001F0BA2 /* Place.swift in Sources */,
				D0685CCE29BD0528001F0BA2 /* ContentView.swift in Sources */,
				D0685CDE29BD0562001F0BA2 /* Home.swift in Sources */,
				D0685CCC29BD0527001F0BA2 /* ParallaxApp.swift in Sources */,
				D0685CDC29BD0558001F0BA2 /* MotionManager.swift in Sources */,
			);
			runOnlyForDeploymentPostprocessing = 0;
		};
/* End PBXSourcesBuildPhase section */

/* Begin XCBuildConfiguration section */
		D0685CD429BD0529001F0BA2 /* Debug */ = {
			isa = XCBuildConfiguration;
			buildSettings = {
				ALWAYS_SEARCH_USER_PATHS = NO;
				CLANG_ANALYZER_NONNULL = YES;
				CLANG_ANALYZER_NUMBER_OBJECT_CONVERSION = YES_AGGRESSIVE;
				CLANG_CXX_LANGUAGE_STANDARD = "gnu++20";
				CLANG_ENABLE_MODULES = YES;
				CLANG_ENABLE_OBJC_ARC = YES;
				CLANG_ENABLE_OBJC_WEAK = YES;
				CLANG_WARN_BLOCK_CAPTURE_AUTORELEASING = YES;
				CLANG_WARN_BOOL_CONVERSION = YES;
				CLANG_WARN_COMMA = YES;
				CLANG_WARN_CONSTANT_CONVERSION = YES;
				CLANG_WARN_DEPRECATED_OBJC_IMPLEMENTATIONS = YES;
				CLANG_WARN_DIRECT_OBJC_ISA_USAGE = YES_ERROR;
				CLANG_WARN_DOCUMENTATION_COMMENTS = YES;
				CLANG_WARN_EMPTY_BODY = YES;
				CLANG_WARN_ENUM_CONVERSION = YES;
				CLANG_WARN_INFINITE_RECURSION = YES;
				CLANG_WARN_INT_CONVERSION = YES;
				CLANG_WARN_NON_LITERAL_NULL_CONVERSION = YES;
				CLANG_WARN_OBJC_IMPLICIT_RETAIN_SELF = YES;
				CLANG_WARN_OBJC_LITERAL_CONVERSION = YES;
				CLANG_WARN_OBJC_ROOT_CLASS = YES_ERROR;
				CLANG_WARN_QUOTED_INCLUDE_IN_FRAMEWORK_HEADER = YES;
				CLANG_WARN_RANGE_LOOP_ANALYSIS = YES;
				CLANG_WARN_STRICT_PROTOTYPES = YES;
				CLANG_WARN_SUSPICIOUS_MOVE = YES;
				CLANG_WARN_UNGUARDED_AVAILABILITY = YES_AGGRESSIVE;
				CLANG_WARN_UNREACHABLE_CODE = YES;
				CLANG_WARN__DUPLICATE_METHOD_MATCH = YES;
				COPY_PHASE_STRIP = NO;
				DEBUG_INFORMATION_FORMAT = dwarf;
				ENABLE_STRICT_OBJC_MSGSEND = YES;
				ENABLE_TESTABILITY = YES;
				GCC_C_LANGUAGE_STANDARD = gnu11;
				GCC_DYNAMIC_NO_PIC = NO;
				GCC_NO_COMMON_BLOCKS = YES;
				GCC_OPTIMIZATION_LEVEL = 0;
				GCC_PREPROCESSOR_DEFINITIONS = (
					"DEBUG=1",
					"$(inherited)",
				);
				GCC_WARN_64_TO_32_BIT_CONVERSION = YES;
				GCC_WARN_ABOUT_RETURN_TYPE = YES_ERROR;
				GCC_WARN_UNDECLARED_SELECTOR = YES;
				GCC_WARN_UNINITIALIZED_AUTOS = YES_AGGRESSIVE;
				GCC_WARN_UNUSED_FUNCTION = YES;
				GCC_WARN_UNUSED_VARIABLE = YES;
				IPHONEOS_DEPLOYMENT_TARGET = 16.2;
				MTL_ENABLE_DEBUG_INFO = INCLUDE_SOURCE;
				MTL_FAST_MATH = YES;
				ONLY_ACTIVE_ARCH = YES;
				SDKROOT = iphoneos;
				SWIFT_ACTIVE_COMPILATION_CONDITIONS = DEBUG;
				SWIFT_OPTIMIZATION_LEVEL = "-Onone";
			};
			name = Debug;
		};
		D0685CD529BD0529001F0BA2 /* Release */ = {
			isa = XCBuildConfiguration;
			buildSettings = {
				ALWAYS_SEARCH_USER_PATHS = NO;
				CLANG_ANALYZER_NONNULL = YES;
				CLANG_ANALYZER_NUMBER_OBJECT_CONVERSION = YES_AGGRESSIVE;
				CLANG_CXX_LANGUAGE_STANDARD = "gnu++20";
				CLANG_ENABLE_MODULES = YES;
				CLANG_ENABLE_OBJC_ARC = YES;
				CLANG_ENABLE_OBJC_WEAK = YES;
				CLANG_WARN_BLOCK_CAPTURE_AUTORELEASING = YES;
				CLANG_WARN_BOOL_CONVERSION = YES;
				CLANG_WARN_COMMA = YES;
				CLANG_WARN_CONSTANT_CONVERSION = YES;
				CLANG_WARN_DEPRECATED_OBJC_IMPLEMENTATIONS = YES;
				CLANG_WARN_DIRECT_OBJC_ISA_USAGE = YES_ERROR;
				CLANG_WARN_DOCUMENTATION_COMMENTS = YES;
				CLANG_WARN_EMPTY_BODY = YES;
				CLANG_WARN_ENUM_CONVERSION = YES;
				CLANG_WARN_INFINITE_RECURSION = YES;
				CLANG_WARN_INT_CONVERSION = YES;
				CLANG_WARN_NON_LITERAL_NULL_CONVERSION = YES;
				CLANG_WARN_OBJC_IMPLICIT_RETAIN_SELF = YES;
				CLANG_WARN_OBJC_LITERAL_CONVERSION = YES;
				CLANG_WARN_OBJC_ROOT_CLASS = YES_ERROR;
				CLANG_WARN_QUOTED_INCLUDE_IN_FRAMEWORK_HEADER = YES;
				CLANG_WARN_RANGE_LOOP_ANALYSIS = YES;
				CLANG_WARN_STRICT_PROTOTYPES = YES;
				CLANG_WARN_SUSPICIOUS_MOVE = YES;
				CLANG_WARN_UNGUARDED_AVAILABILITY = YES_AGGRESSIVE;
				CLANG_WARN_UNREACHABLE_CODE = YES;
				CLANG_WARN__DUPLICATE_METHOD_MATCH = YES;
				COPY_PHASE_STRIP = NO;
				DEBUG_INFORMATION_FORMAT = "dwarf-with-dsym";
				ENABLE_NS_ASSERTIONS = NO;
				ENABLE_STRICT_OBJC_MSGSEND = YES;
				GCC_C_LANGUAGE_STANDARD = gnu11;
				GCC_NO_COMMON_BLOCKS = YES;
				GCC_WARN_64_TO_32_BIT_CONVERSION = YES;
				GCC_WARN_ABOUT_RETURN_TYPE = YES_ERROR;
				GCC_WARN_UNDECLARED_SELECTOR = YES;
				GCC_WARN_UNINITIALIZED_AUTOS = YES_AGGRESSIVE;
				GCC_WARN_UNUSED_FUNCTION = YES;
				GCC_WARN_UNUSED_VARIABLE = YES;
				IPHONEOS_DEPLOYMENT_TARGET = 16.2;
				MTL_ENABLE_DEBUG_INFO = NO;
				MTL_FAST_MATH = YES;
				SDKROOT = iphoneos;
				SWIFT_COMPILATION_MODE = wholemodule;
				SWIFT_OPTIMIZATION_LEVEL = "-O";
				VALIDATE_PRODUCT = YES;
			};
			name = Release;
		};
		D0685CD729BD0529001F0BA2 /* Debug */ = {
			isa = XCBuildConfiguration;
			buildSettings = {
				ASSETCATALOG_COMPILER_APPICON_NAME = AppIcon;
				ASSETCATALOG_COMPILER_GLOBAL_ACCENT_COLOR_NAME = AccentColor;
				CODE_SIGN_STYLE = Automatic;
				CURRENT_PROJECT_VERSION = 1;
				DEVELOPMENT_ASSET_PATHS = "\"Parallax/Preview Content\"";
				DEVELOPMENT_TEAM = T64X38SPV4;
				ENABLE_PREVIEWS = YES;
				GENERATE_INFOPLIST_FILE = YES;
				INFOPLIST_KEY_UIApplicationSceneManifest_Generation = YES;
				INFOPLIST_KEY_UIApplicationSupportsIndirectInputEvents = YES;
				INFOPLIST_KEY_UILaunchScreen_Generation = YES;
				INFOPLIST_KEY_UISupportedInterfaceOrientations_iPad = "UIInterfaceOrientationPortrait UIInterfaceOrientationPortraitUpsideDown UIInterfaceOrientationLandscapeLeft UIInterfaceOrientationLandscapeRight";
				INFOPLIST_KEY_UISupportedInterfaceOrientations_iPhone = "UIInterfaceOrientationPortrait UIInterfaceOrientationLandscapeLeft UIInterfaceOrientationLandscapeRight";
				LD_RUNPATH_SEARCH_PATHS = (
					"$(inherited)",
					"@executable_path/Frameworks",
				);
				MARKETING_VERSION = 1.0;
				PRODUCT_BUNDLE_IDENTIFIER = "-66.Parallax";
				PRODUCT_NAME = "$(TARGET_NAME)";
				SWIFT_EMIT_LOC_STRINGS = YES;
				SWIFT_VERSION = 5.0;
				TARGETED_DEVICE_FAMILY = "1,2";
			};
			name = Debug;
		};
		D0685CD829BD0529001F0BA2 /* Release */ = {
			isa = XCBuildConfiguration;
			buildSettings = {
				ASSETCATALOG_COMPILER_APPICON_NAME = AppIcon;
				ASSETCATALOG_COMPILER_GLOBAL_ACCENT_COLOR_NAME = AccentColor;
				CODE_SIGN_STYLE = Automatic;
				CURRENT_PROJECT_VERSION = 1;
				DEVELOPMENT_ASSET_PATHS = "\"Parallax/Preview Content\"";
				DEVELOPMENT_TEAM = T64X38SPV4;
				ENABLE_PREVIEWS = YES;
				GENERATE_INFOPLIST_FILE = YES;
				INFOPLIST_KEY_UIApplicationSceneManifest_Generation = YES;
				INFOPLIST_KEY_UIApplicationSupportsIndirectInputEvents = YES;
				INFOPLIST_KEY_UILaunchScreen_Generation = YES;
				INFOPLIST_KEY_UISupportedInterfaceOrientations_iPad = "UIInterfaceOrientationPortrait UIInterfaceOrientationPortraitUpsideDown UIInterfaceOrientationLandscapeLeft UIInterfaceOrientationLandscapeRight";
				INFOPLIST_KEY_UISupportedInterfaceOrientations_iPhone = "UIInterfaceOrientationPortrait UIInterfaceOrientationLandscapeLeft UIInterfaceOrientationLandscapeRight";
				LD_RUNPATH_SEARCH_PATHS = (
					"$(inherited)",
					"@executable_path/Frameworks",
				);
				MARKETING_VERSION = 1.0;
				PRODUCT_BUNDLE_IDENTIFIER = "-66.Parallax";
				PRODUCT_NAME = "$(TARGET_NAME)";
				SWIFT_EMIT_LOC_STRINGS = YES;
				SWIFT_VERSION = 5.0;
				TARGETED_DEVICE_FAMILY = "1,2";
			};
			name = Release;
		};
/* End XCBuildConfiguration section */

/* Begin XCConfigurationList section */
		D0685CC329BD0527001F0BA2 /* Build configuration list for PBXProject "Parallax" */ = {
			isa = XCConfigurationList;
			buildConfigurations = (
				D0685CD429BD0529001F0BA2 /* Debug */,
				D0685CD529BD0529001F0BA2 /* Release */,
			);
			defaultConfigurationIsVisible = 0;
			defaultConfigurationName = Release;
		};
		D0685CD629BD0529001F0BA2 /* Build configuration list for PBXNativeTarget "Parallax" */ = {
			isa = XCConfigurationList;
			buildConfigurations = (
				D0685CD729BD0529001F0BA2 /* Debug */,
				D0685CD829BD0529001F0BA2 /* Release */,
			);
			defaultConfigurationIsVisible = 0;
			defaultConfigurationName = Release;
		};
/* End XCConfigurationList section */
	};
	rootObject = D0685CC029BD0527001F0BA2 /* Project object */;
}
